
Microsoft Visual Studio Solution File, Format Version 12.00
# Visual Studio Version 16
VisualStudioVersion = 16.0.30611.23
MinimumVisualStudioVersion = 10.0.40219.1
Project("{FAE04EC0-301F-11D3-BF4B-00C04F79EFBC}") = "ISDA-Project-Framework", "ISDA-Project-Framework\ISDA-Project-Framework.csproj", "{BF418E45-0A75-44A5-9ECA-EA17C1BEC39B}"
EndProject
Global
	GlobalSection(SolutionConfigurationPlatforms) = preSolution
		Debug|Any CPU = Debug|Any CPU
		Release|Any CPU = Release|Any CPU
	EndGlobalSection
	GlobalSection(ProjectConfigurationPlatforms) = postSolution
		{BF418E45-0A75-44A5-9ECA-EA17C1BEC39B}.Debug|Any CPU.ActiveCfg = Debug|Any CPU
		{BF418E45-0A75-44A5-9ECA-EA17C1BEC39B}.Debug|Any CPU.Build.0 = Debug|Any CPU
		{BF418E45-0A75-44A5-9ECA-EA17C1BEC39B}.Release|Any CPU.ActiveCfg = Release|Any CPU
		{BF418E45-0A75-44A5-9ECA-EA17C1BEC39B}.Release|Any CPU.Build.0 = Release|Any CPU
	EndGlobalSection
	GlobalSection(SolutionProperties) = preSolution
		HideSolutionNode = FALSE
	EndGlobalSection
	GlobalSection(ExtensibilityGlobals) = postSolution
		SolutionGuid = {438219A9-BC3D-4A68-8F2A-D5799CD95974}
	EndGlobalSection
EndGlobal
