
Microsoft Visual Studio Solution File, Format Version 12.00
# Visual Studio Version 16
VisualStudioVersion = 16.0.31005.135
MinimumVisualStudioVersion = 10.0.40219.1
Project("{FAE04EC0-301F-11D3-BF4B-00C04F79EFBC}") = "ISDA-WebApp", "ISDA-WebApp\ISDA-WebApp.csproj", "{5D733EF2-52DD-4735-955C-4725841D3327}"
EndProject
Global
	GlobalSection(SolutionConfigurationPlatforms) = preSolution
		Debug|Any CPU = Debug|Any CPU
		Release|Any CPU = Release|Any CPU
	EndGlobalSection
	GlobalSection(ProjectConfigurationPlatforms) = postSolution
		{5D733EF2-52DD-4735-955C-4725841D3327}.Debug|Any CPU.ActiveCfg = Debug|Any CPU
		{5D733EF2-52DD-4735-955C-4725841D3327}.Debug|Any CPU.Build.0 = Debug|Any CPU
		{5D733EF2-52DD-4735-955C-4725841D3327}.Release|Any CPU.ActiveCfg = Release|Any CPU
		{5D733EF2-52DD-4735-955C-4725841D3327}.Release|Any CPU.Build.0 = Release|Any CPU
	EndGlobalSection
	GlobalSection(SolutionProperties) = preSolution
		HideSolutionNode = FALSE
	EndGlobalSection
	GlobalSection(ExtensibilityGlobals) = postSolution
		SolutionGuid = {DCB67883-12B2-4CED-A8DB-F76FAA8D95BE}
	EndGlobalSection
EndGlobal
